{
  "lockfile-version": 1,
  "manifest": {
    "schema-version": "1.10.0",
    "install": {
      "python3": {
        "pkg-path": "python3"
      }
    },
    "hook": {
      "on-activate": "  # Autogenerated by Flox\n\n  # Setup a Python virtual environment\n\n  export PYTHON_DIR=\"$FLOX_ENV_CACHE/python\"\n  if [ ! -d \"$PYTHON_DIR\" ]; then\n    echo \"Creating python virtual environment in $PYTHON_DIR\"\n    python -m venv \"$PYTHON_DIR\"\n  fi\n\n  # Quietly activate venv and install packages in a subshell so\n  # that the venv can be freshly activated in the profile section.\n  (\n    source \"$PYTHON_DIR/bin/activate\"\n    pip install -r \"$FLOX_ENV_PROJECT/requirements.txt\" --quiet\n  )\n\n  # End autogenerated by Flox\n"
    },
    "profile": {
      "bash": "  # Autogenerated by Flox\n\n  echo \"Activating python virtual environment\" >&2\n  source \"$PYTHON_DIR/bin/activate\"\n\n  # End autogenerated by Flox\n",
      "zsh": "  # Autogenerated by Flox\n\n  echo \"Activating python virtual environment\" >&2\n  source \"$PYTHON_DIR/bin/activate\"\n\n  # End autogenerated by Flox\n",
      "fish": "  # Autogenerated by Flox\n\n  echo \"Activating python virtual environment\" >&2\n  source \"$PYTHON_DIR/bin/activate.fish\"\n\n  # End autogenerated by Flox\n",
      "tcsh": "  # Autogenerated by Flox\n\n  echo \"Activating python virtual environment\" >&2\n  source \"$PYTHON_DIR/bin/activate.csh\"\n\n  # End autogenerated by Flox\n"
    },
    "options": {}
  },
  "packages": [
    {
      "attr_path": "python3",
      "broken": false,
      "derivation": "/nix/store/krwwaljrhx0f8rykjbxzwhjqhn8iq64d-python3-3.13.12.drv",
      "description": "High-level dynamically-typed programming language",
      "install_id": "python3",
      "license": "Python-2.0",
      "locked_url": "https://github.com/flox/nixpkgs?rev=6201e203d09599479a3b3450ed24fa81537ebc4e",
      "name": "python3-3.13.12",
      "pname": "python3",
      "rev": "6201e203d09599479a3b3450ed24fa81537ebc4e",
      "rev_count": 972949,
      "rev_date": "2026-04-01T09:47:46Z",
      "scrape_date": "2026-04-02T18:01:42.662619Z",
      "stabilities": [
        "unstable"
      ],
      "unfree": false,
      "version": "3.13.12",
      "outputs_to_install": [
        "out",
        "out"
      ],
      "outputs": {
        "out": "/nix/store/qabiwfbf61gaky68k0klvyjvd8zavmxb-python3-3.13.12"
      },
      "system": "aarch64-darwin",
      "group": "toplevel",
      "priority": 5
    },
    {
      "attr_path": "python3",
      "broken": false,
      "derivation": "/nix/store/nxvwxd34qjxfwm1cx3kpalrd6xcsydla-python3-3.13.12.drv",
      "description": "High-level dynamically-typed programming language",
      "install_id": "python3",
      "license": "Python-2.0",
      "locked_url": "https://github.com/flox/nixpkgs?rev=6201e203d09599479a3b3450ed24fa81537ebc4e",
      "name": "python3-3.13.12",
      "pname": "python3",
      "rev": "6201e203d09599479a3b3450ed24fa81537ebc4e",
      "rev_count": 972949,
      "rev_date": "2026-04-01T09:47:46Z",
      "scrape_date": "2026-04-02T18:33:32.920212Z",
      "stabilities": [
        "unstable"
      ],
      "unfree": false,
      "version": "3.13.12",
      "outputs_to_install": [
        "out",
        "out",
        "out"
      ],
      "outputs": {
        "debug": "/nix/store/q6kvsi3vgc4xvnp3yzibg03a22cw86r2-python3-3.13.12-debug",
        "out": "/nix/store/nnz5k19wbai97d7y2x11qaq6dgxzhq4w-python3-3.13.12"
      },
      "system": "aarch64-linux",
      "group": "toplevel",
      "priority": 5
    },
    {
      "attr_path": "python3",
      "broken": false,
      "derivation": "/nix/store/0bqzghzk3p5ss7wvxgfjw2k49wmiddkj-python3-3.13.12.drv",
      "description": "High-level dynamically-typed programming language",
      "install_id": "python3",
      "license": "Python-2.0",
      "locked_url": "https://github.com/flox/nixpkgs?rev=6201e203d09599479a3b3450ed24fa81537ebc4e",
      "name": "python3-3.13.12",
      "pname": "python3",
      "rev": "6201e203d09599479a3b3450ed24fa81537ebc4e",
      "rev_count": 972949,
      "rev_date": "2026-04-01T09:47:46Z",
      "scrape_date": "2026-04-02T19:02:57.136749Z",
      "stabilities": [
        "unstable"
      ],
      "unfree": false,
      "version": "3.13.12",
      "outputs_to_install": [
        "out"
      ],
      "outputs": {
        "out": "/nix/store/qcpx0pjlgkigibqijdy1wsy2kmc8shd2-python3-3.13.12"
      },
      "system": "x86_64-darwin",
      "group": "toplevel",
      "priority": 5
    },
    {
      "attr_path": "python3",
      "broken": false,
      "derivation": "/nix/store/makmgpqhagbsvfs49dywc7r7a0kv8any-python3-3.13.12.drv",
      "description": "High-level dynamically-typed programming language",
      "install_id": "python3",
      "license": "Python-2.0",
      "locked_url": "https://github.com/flox/nixpkgs?rev=6201e203d09599479a3b3450ed24fa81537ebc4e",
      "name": "python3-3.13.12",
      "pname": "python3",
      "rev": "6201e203d09599479a3b3450ed24fa81537ebc4e",
      "rev_count": 972949,
      "rev_date": "2026-04-01T09:47:46Z",
      "scrape_date": "2026-04-02T19:37:34.343029Z",
      "stabilities": [
        "unstable"
      ],
      "unfree": false,
      "version": "3.13.12",
      "outputs_to_install": [
        "out",
        "out",
        "out"
      ],
      "outputs": {
        "debug": "/nix/store/nj0fy51wymai8wp1y7dbk08g6pvjw1a1-python3-3.13.12-debug",
        "out": "/nix/store/pzdalg368npikvpq4ncz2saxnz19v53k-python3-3.13.12"
      },
      "system": "x86_64-linux",
      "group": "toplevel",
      "priority": 5
    }
  ]
}
